
Microsoft Visual Studio Solution File, Format Version 12.00
# Visual Studio Version 17
VisualStudioVersion = 17.7.34202.233
MinimumVisualStudioVersion = 10.0.40219.1
Project("{FAE04EC0-301F-11D3-BF4B-00C04F79EFBC}") = "Interface", "Interface\Interface.csproj", "{7FB94F6E-F520-44EA-91EE-1921A63CD3FB}"
EndProject
Global
	GlobalSection(SolutionConfigurationPlatforms) = preSolution
		Debug|Any CPU = Debug|Any CPU
		Release|Any CPU = Release|Any CPU
	EndGlobalSection
	GlobalSection(ProjectConfigurationPlatforms) = postSolution
		{7FB94F6E-F520-44EA-91EE-1921A63CD3FB}.Debug|Any CPU.ActiveCfg = Debug|Any CPU
		{7FB94F6E-F520-44EA-91EE-1921A63CD3FB}.Debug|Any CPU.Build.0 = Debug|Any CPU
		{7FB94F6E-F520-44EA-91EE-1921A63CD3FB}.Release|Any CPU.ActiveCfg = Release|Any CPU
		{7FB94F6E-F520-44EA-91EE-1921A63CD3FB}.Release|Any CPU.Build.0 = Release|Any CPU
	EndGlobalSection
	GlobalSection(SolutionProperties) = preSolution
		HideSolutionNode = FALSE
	EndGlobalSection
	GlobalSection(ExtensibilityGlobals) = postSolution
		SolutionGuid = {82F45567-0BC1-425E-8372-47220E8BC6C8}
	EndGlobalSection
EndGlobal
